
Microsoft Visual Studio Solution File, Format Version 12.00
# Visual Studio Version 16
VisualStudioVersion = 16.0.30523.141
MinimumVisualStudioVersion = 10.0.40219.1
Project("{FAE04EC0-301F-11D3-BF4B-00C04F79EFBC}") = "Sir_frecv", "Sir_frecv.csproj", "{65B8BDE9-690D-478E-A232-612834BAD5CD}"
EndProject
Global
	GlobalSection(SolutionConfigurationPlatforms) = preSolution
		Debug|Any CPU = Debug|Any CPU
		Release|Any CPU = Release|Any CPU
	EndGlobalSection
	GlobalSection(ProjectConfigurationPlatforms) = postSolution
		{65B8BDE9-690D-478E-A232-612834BAD5CD}.Debug|Any CPU.ActiveCfg = Debug|Any CPU
		{65B8BDE9-690D-478E-A232-612834BAD5CD}.Debug|Any CPU.Build.0 = Debug|Any CPU
		{65B8BDE9-690D-478E-A232-612834BAD5CD}.Release|Any CPU.ActiveCfg = Release|Any CPU
		{65B8BDE9-690D-478E-A232-612834BAD5CD}.Release|Any CPU.Build.0 = Release|Any CPU
	EndGlobalSection
	GlobalSection(SolutionProperties) = preSolution
		HideSolutionNode = FALSE
	EndGlobalSection
	GlobalSection(ExtensibilityGlobals) = postSolution
		SolutionGuid = {93B24939-CCB8-420E-AFCE-D592B32F20DF}
	EndGlobalSection
EndGlobal
