
Microsoft Visual Studio Solution File, Format Version 12.00
# Visual Studio Version 16
VisualStudioVersion = 16.0.30523.141
MinimumVisualStudioVersion = 10.0.40219.1
Project("{FAE04EC0-301F-11D3-BF4B-00C04F79EFBC}") = "Pb6", "Pb6.csproj", "{866F5B0B-8714-4710-AC43-9C9631C9951A}"
EndProject
Global
	GlobalSection(SolutionConfigurationPlatforms) = preSolution
		Debug|Any CPU = Debug|Any CPU
		Release|Any CPU = Release|Any CPU
	EndGlobalSection
	GlobalSection(ProjectConfigurationPlatforms) = postSolution
		{866F5B0B-8714-4710-AC43-9C9631C9951A}.Debug|Any CPU.ActiveCfg = Debug|Any CPU
		{866F5B0B-8714-4710-AC43-9C9631C9951A}.Debug|Any CPU.Build.0 = Debug|Any CPU
		{866F5B0B-8714-4710-AC43-9C9631C9951A}.Release|Any CPU.ActiveCfg = Release|Any CPU
		{866F5B0B-8714-4710-AC43-9C9631C9951A}.Release|Any CPU.Build.0 = Release|Any CPU
	EndGlobalSection
	GlobalSection(SolutionProperties) = preSolution
		HideSolutionNode = FALSE
	EndGlobalSection
	GlobalSection(ExtensibilityGlobals) = postSolution
		SolutionGuid = {06B08136-D480-4AA9-B8D2-F5687D4AB02C}
	EndGlobalSection
EndGlobal
