
Microsoft Visual Studio Solution File, Format Version 12.00
# Visual Studio Version 16
VisualStudioVersion = 16.0.30523.141
MinimumVisualStudioVersion = 10.0.40219.1
Project("{FAE04EC0-301F-11D3-BF4B-00C04F79EFBC}") = "1273", "1273.csproj", "{3EC4658E-7790-4D8D-98E5-400CD72848EA}"
EndProject
Global
	GlobalSection(SolutionConfigurationPlatforms) = preSolution
		Debug|Any CPU = Debug|Any CPU
		Release|Any CPU = Release|Any CPU
	EndGlobalSection
	GlobalSection(ProjectConfigurationPlatforms) = postSolution
		{3EC4658E-7790-4D8D-98E5-400CD72848EA}.Debug|Any CPU.ActiveCfg = Debug|Any CPU
		{3EC4658E-7790-4D8D-98E5-400CD72848EA}.Debug|Any CPU.Build.0 = Debug|Any CPU
		{3EC4658E-7790-4D8D-98E5-400CD72848EA}.Release|Any CPU.ActiveCfg = Release|Any CPU
		{3EC4658E-7790-4D8D-98E5-400CD72848EA}.Release|Any CPU.Build.0 = Release|Any CPU
	EndGlobalSection
	GlobalSection(SolutionProperties) = preSolution
		HideSolutionNode = FALSE
	EndGlobalSection
	GlobalSection(ExtensibilityGlobals) = postSolution
		SolutionGuid = {6D32DFCB-5C65-4578-815C-4164C017F4F8}
	EndGlobalSection
EndGlobal
