
Microsoft Visual Studio Solution File, Format Version 12.00
# Visual Studio Version 16
VisualStudioVersion = 16.0.30523.141
MinimumVisualStudioVersion = 10.0.40219.1
Project("{FAE04EC0-301F-11D3-BF4B-00C04F79EFBC}") = "matrice_medie", "matrice_medie.csproj", "{F6E2B222-082E-4B7D-8576-F733AB3C703D}"
EndProject
Global
	GlobalSection(SolutionConfigurationPlatforms) = preSolution
		Debug|Any CPU = Debug|Any CPU
		Release|Any CPU = Release|Any CPU
	EndGlobalSection
	GlobalSection(ProjectConfigurationPlatforms) = postSolution
		{F6E2B222-082E-4B7D-8576-F733AB3C703D}.Debug|Any CPU.ActiveCfg = Debug|Any CPU
		{F6E2B222-082E-4B7D-8576-F733AB3C703D}.Debug|Any CPU.Build.0 = Debug|Any CPU
		{F6E2B222-082E-4B7D-8576-F733AB3C703D}.Release|Any CPU.ActiveCfg = Release|Any CPU
		{F6E2B222-082E-4B7D-8576-F733AB3C703D}.Release|Any CPU.Build.0 = Release|Any CPU
	EndGlobalSection
	GlobalSection(SolutionProperties) = preSolution
		HideSolutionNode = FALSE
	EndGlobalSection
	GlobalSection(ExtensibilityGlobals) = postSolution
		SolutionGuid = {0A5040EA-4E7D-4C5D-A6AE-2CFCFAE0A840}
	EndGlobalSection
EndGlobal
