
Microsoft Visual Studio Solution File, Format Version 12.00
# Visual Studio Version 16
VisualStudioVersion = 16.0.30523.141
MinimumVisualStudioVersion = 10.0.40219.1
Project("{FAE04EC0-301F-11D3-BF4B-00C04F79EFBC}") = "2201", "2201.csproj", "{F3EDE9EB-7B6B-42A2-838C-869E2F3E1E97}"
EndProject
Global
	GlobalSection(SolutionConfigurationPlatforms) = preSolution
		Debug|Any CPU = Debug|Any CPU
		Release|Any CPU = Release|Any CPU
	EndGlobalSection
	GlobalSection(ProjectConfigurationPlatforms) = postSolution
		{F3EDE9EB-7B6B-42A2-838C-869E2F3E1E97}.Debug|Any CPU.ActiveCfg = Debug|Any CPU
		{F3EDE9EB-7B6B-42A2-838C-869E2F3E1E97}.Debug|Any CPU.Build.0 = Debug|Any CPU
		{F3EDE9EB-7B6B-42A2-838C-869E2F3E1E97}.Release|Any CPU.ActiveCfg = Release|Any CPU
		{F3EDE9EB-7B6B-42A2-838C-869E2F3E1E97}.Release|Any CPU.Build.0 = Release|Any CPU
	EndGlobalSection
	GlobalSection(SolutionProperties) = preSolution
		HideSolutionNode = FALSE
	EndGlobalSection
	GlobalSection(ExtensibilityGlobals) = postSolution
		SolutionGuid = {14CE1593-9C52-4CFA-A6E7-3B59A201A383}
	EndGlobalSection
EndGlobal
