
Microsoft Visual Studio Solution File, Format Version 12.00
# Visual Studio Version 16
VisualStudioVersion = 16.0.30523.141
MinimumVisualStudioVersion = 10.0.40219.1
Project("{9A19103F-16F7-4668-BE54-9A1E7A4F7556}") = "Curs1", "Curs1.csproj", "{33D43534-2588-4B72-BBD1-E060E1C20738}"
EndProject
Project("{FAE04EC0-301F-11D3-BF4B-00C04F79EFBC}") = "Curs1_PB_TextReader", "..\Curs1_PB_TextReader\Curs1_PB_TextReader.csproj", "{138BE6CA-9FF5-47E8-A911-98E93C654FEE}"
EndProject
Global
	GlobalSection(SolutionConfigurationPlatforms) = preSolution
		Debug|Any CPU = Debug|Any CPU
		Release|Any CPU = Release|Any CPU
	EndGlobalSection
	GlobalSection(ProjectConfigurationPlatforms) = postSolution
		{33D43534-2588-4B72-BBD1-E060E1C20738}.Debug|Any CPU.ActiveCfg = Debug|Any CPU
		{33D43534-2588-4B72-BBD1-E060E1C20738}.Debug|Any CPU.Build.0 = Debug|Any CPU
		{33D43534-2588-4B72-BBD1-E060E1C20738}.Release|Any CPU.ActiveCfg = Release|Any CPU
		{33D43534-2588-4B72-BBD1-E060E1C20738}.Release|Any CPU.Build.0 = Release|Any CPU
		{138BE6CA-9FF5-47E8-A911-98E93C654FEE}.Debug|Any CPU.ActiveCfg = Debug|Any CPU
		{138BE6CA-9FF5-47E8-A911-98E93C654FEE}.Debug|Any CPU.Build.0 = Debug|Any CPU
		{138BE6CA-9FF5-47E8-A911-98E93C654FEE}.Release|Any CPU.ActiveCfg = Release|Any CPU
		{138BE6CA-9FF5-47E8-A911-98E93C654FEE}.Release|Any CPU.Build.0 = Release|Any CPU
	EndGlobalSection
	GlobalSection(SolutionProperties) = preSolution
		HideSolutionNode = FALSE
	EndGlobalSection
	GlobalSection(ExtensibilityGlobals) = postSolution
		SolutionGuid = {61AD5E84-5A6C-45C4-B4C0-6CAA29B85488}
	EndGlobalSection
EndGlobal
