
Microsoft Visual Studio Solution File, Format Version 12.00
# Visual Studio Version 16
VisualStudioVersion = 16.0.31729.503
MinimumVisualStudioVersion = 10.0.40219.1
Project("{FAE04EC0-301F-11D3-BF4B-00C04F79EFBC}") = "Teacher's Catalog Project", "Teacher's Catalog Project.csproj", "{80C3C178-449B-4EFC-ADD3-926AB3BB7A0B}"
EndProject
Global
	GlobalSection(SolutionConfigurationPlatforms) = preSolution
		Debug|Any CPU = Debug|Any CPU
		Release|Any CPU = Release|Any CPU
	EndGlobalSection
	GlobalSection(ProjectConfigurationPlatforms) = postSolution
		{80C3C178-449B-4EFC-ADD3-926AB3BB7A0B}.Debug|Any CPU.ActiveCfg = Debug|Any CPU
		{80C3C178-449B-4EFC-ADD3-926AB3BB7A0B}.Debug|Any CPU.Build.0 = Debug|Any CPU
		{80C3C178-449B-4EFC-ADD3-926AB3BB7A0B}.Release|Any CPU.ActiveCfg = Release|Any CPU
		{80C3C178-449B-4EFC-ADD3-926AB3BB7A0B}.Release|Any CPU.Build.0 = Release|Any CPU
	EndGlobalSection
	GlobalSection(SolutionProperties) = preSolution
		HideSolutionNode = FALSE
	EndGlobalSection
	GlobalSection(ExtensibilityGlobals) = postSolution
		SolutionGuid = {E6371732-D227-4953-A8E7-4A7A1352B55F}
	EndGlobalSection
EndGlobal
