
Microsoft Visual Studio Solution File, Format Version 12.00
# Visual Studio Version 16
VisualStudioVersion = 16.0.31410.357
MinimumVisualStudioVersion = 10.0.40219.1
Project("{FAE04EC0-301F-11D3-BF4B-00C04F79EFBC}") = "Tema 1", "Tema 1.csproj", "{C18DBDF9-45A6-4A03-BFF1-1E641FA4746F}"
EndProject
Global
	GlobalSection(SolutionConfigurationPlatforms) = preSolution
		Debug|Any CPU = Debug|Any CPU
		Release|Any CPU = Release|Any CPU
	EndGlobalSection
	GlobalSection(ProjectConfigurationPlatforms) = postSolution
		{C18DBDF9-45A6-4A03-BFF1-1E641FA4746F}.Debug|Any CPU.ActiveCfg = Debug|Any CPU
		{C18DBDF9-45A6-4A03-BFF1-1E641FA4746F}.Debug|Any CPU.Build.0 = Debug|Any CPU
		{C18DBDF9-45A6-4A03-BFF1-1E641FA4746F}.Release|Any CPU.ActiveCfg = Release|Any CPU
		{C18DBDF9-45A6-4A03-BFF1-1E641FA4746F}.Release|Any CPU.Build.0 = Release|Any CPU
	EndGlobalSection
	GlobalSection(SolutionProperties) = preSolution
		HideSolutionNode = FALSE
	EndGlobalSection
	GlobalSection(ExtensibilityGlobals) = postSolution
		SolutionGuid = {B0522AC8-68FF-47F3-9E35-B0B5F78149C6}
	EndGlobalSection
EndGlobal
