
Microsoft Visual Studio Solution File, Format Version 12.00
# Visual Studio Version 16
VisualStudioVersion = 16.0.30523.141
MinimumVisualStudioVersion = 10.0.40219.1
Project("{FAE04EC0-301F-11D3-BF4B-00C04F79EFBC}") = "PrepFor_geometrie_4", "PrepFor_geometrie_4.csproj", "{9D9C1858-5F26-42D5-AEEF-582B2E711BA1}"
EndProject
Global
	GlobalSection(SolutionConfigurationPlatforms) = preSolution
		Debug|Any CPU = Debug|Any CPU
		Release|Any CPU = Release|Any CPU
	EndGlobalSection
	GlobalSection(ProjectConfigurationPlatforms) = postSolution
		{9D9C1858-5F26-42D5-AEEF-582B2E711BA1}.Debug|Any CPU.ActiveCfg = Debug|Any CPU
		{9D9C1858-5F26-42D5-AEEF-582B2E711BA1}.Debug|Any CPU.Build.0 = Debug|Any CPU
		{9D9C1858-5F26-42D5-AEEF-582B2E711BA1}.Release|Any CPU.ActiveCfg = Release|Any CPU
		{9D9C1858-5F26-42D5-AEEF-582B2E711BA1}.Release|Any CPU.Build.0 = Release|Any CPU
	EndGlobalSection
	GlobalSection(SolutionProperties) = preSolution
		HideSolutionNode = FALSE
	EndGlobalSection
	GlobalSection(ExtensibilityGlobals) = postSolution
		SolutionGuid = {99EE017B-44AD-4153-BA81-511C6EE430AD}
	EndGlobalSection
EndGlobal
