
Microsoft Visual Studio Solution File, Format Version 12.00
# Visual Studio Version 16
VisualStudioVersion = 16.0.30523.141
MinimumVisualStudioVersion = 10.0.40219.1
Project("{FAE04EC0-301F-11D3-BF4B-00C04F79EFBC}") = "Sort_Capat_impare", "Sort_Capat_impare.csproj", "{9F49A463-FF13-4788-B617-DE3DE9ED0089}"
EndProject
Global
	GlobalSection(SolutionConfigurationPlatforms) = preSolution
		Debug|Any CPU = Debug|Any CPU
		Release|Any CPU = Release|Any CPU
	EndGlobalSection
	GlobalSection(ProjectConfigurationPlatforms) = postSolution
		{9F49A463-FF13-4788-B617-DE3DE9ED0089}.Debug|Any CPU.ActiveCfg = Debug|Any CPU
		{9F49A463-FF13-4788-B617-DE3DE9ED0089}.Debug|Any CPU.Build.0 = Debug|Any CPU
		{9F49A463-FF13-4788-B617-DE3DE9ED0089}.Release|Any CPU.ActiveCfg = Release|Any CPU
		{9F49A463-FF13-4788-B617-DE3DE9ED0089}.Release|Any CPU.Build.0 = Release|Any CPU
	EndGlobalSection
	GlobalSection(SolutionProperties) = preSolution
		HideSolutionNode = FALSE
	EndGlobalSection
	GlobalSection(ExtensibilityGlobals) = postSolution
		SolutionGuid = {9112FEA2-A8C7-4742-877A-DA84CBF9E0CE}
	EndGlobalSection
EndGlobal
