
Microsoft Visual Studio Solution File, Format Version 12.00
# Visual Studio Version 16
VisualStudioVersion = 16.0.30523.141
MinimumVisualStudioVersion = 10.0.40219.1
Project("{FAE04EC0-301F-11D3-BF4B-00C04F79EFBC}") = "03_decembrie_2020", "03_decembrie_2020.csproj", "{D6E95930-9CF0-40AD-9FA5-8A74FD5662EF}"
EndProject
Global
	GlobalSection(SolutionConfigurationPlatforms) = preSolution
		Debug|Any CPU = Debug|Any CPU
		Release|Any CPU = Release|Any CPU
	EndGlobalSection
	GlobalSection(ProjectConfigurationPlatforms) = postSolution
		{D6E95930-9CF0-40AD-9FA5-8A74FD5662EF}.Debug|Any CPU.ActiveCfg = Debug|Any CPU
		{D6E95930-9CF0-40AD-9FA5-8A74FD5662EF}.Debug|Any CPU.Build.0 = Debug|Any CPU
		{D6E95930-9CF0-40AD-9FA5-8A74FD5662EF}.Release|Any CPU.ActiveCfg = Release|Any CPU
		{D6E95930-9CF0-40AD-9FA5-8A74FD5662EF}.Release|Any CPU.Build.0 = Release|Any CPU
	EndGlobalSection
	GlobalSection(SolutionProperties) = preSolution
		HideSolutionNode = FALSE
	EndGlobalSection
	GlobalSection(ExtensibilityGlobals) = postSolution
		SolutionGuid = {EC764E36-FD89-4FAF-B896-1661AAA171CD}
	EndGlobalSection
EndGlobal
