
Microsoft Visual Studio Solution File, Format Version 12.00
# Visual Studio Version 16
VisualStudioVersion = 16.0.30523.141
MinimumVisualStudioVersion = 10.0.40219.1
Project("{FAE04EC0-301F-11D3-BF4B-00C04F79EFBC}") = "Laborator 5", "Laborator 5.csproj", "{EC1F51E6-ADF6-4FED-9ECF-413924364382}"
EndProject
Global
	GlobalSection(SolutionConfigurationPlatforms) = preSolution
		Debug|Any CPU = Debug|Any CPU
		Release|Any CPU = Release|Any CPU
	EndGlobalSection
	GlobalSection(ProjectConfigurationPlatforms) = postSolution
		{EC1F51E6-ADF6-4FED-9ECF-413924364382}.Debug|Any CPU.ActiveCfg = Debug|Any CPU
		{EC1F51E6-ADF6-4FED-9ECF-413924364382}.Debug|Any CPU.Build.0 = Debug|Any CPU
		{EC1F51E6-ADF6-4FED-9ECF-413924364382}.Release|Any CPU.ActiveCfg = Release|Any CPU
		{EC1F51E6-ADF6-4FED-9ECF-413924364382}.Release|Any CPU.Build.0 = Release|Any CPU
	EndGlobalSection
	GlobalSection(SolutionProperties) = preSolution
		HideSolutionNode = FALSE
	EndGlobalSection
	GlobalSection(ExtensibilityGlobals) = postSolution
		SolutionGuid = {2EDEAFE6-8FEE-4F29-B8D0-E6E9A6B7292D}
	EndGlobalSection
EndGlobal
