
Microsoft Visual Studio Solution File, Format Version 12.00
# Visual Studio Version 16
VisualStudioVersion = 16.0.31129.286
MinimumVisualStudioVersion = 10.0.40219.1
Project("{FAE04EC0-301F-11D3-BF4B-00C04F79EFBC}") = "Numere Rationale", "Numere Rationale.csproj", "{F03942DE-B7BB-444F-961A-E9CED6BDECD6}"
EndProject
Global
	GlobalSection(SolutionConfigurationPlatforms) = preSolution
		Debug|Any CPU = Debug|Any CPU
		Release|Any CPU = Release|Any CPU
	EndGlobalSection
	GlobalSection(ProjectConfigurationPlatforms) = postSolution
		{F03942DE-B7BB-444F-961A-E9CED6BDECD6}.Debug|Any CPU.ActiveCfg = Debug|Any CPU
		{F03942DE-B7BB-444F-961A-E9CED6BDECD6}.Debug|Any CPU.Build.0 = Debug|Any CPU
		{F03942DE-B7BB-444F-961A-E9CED6BDECD6}.Release|Any CPU.ActiveCfg = Release|Any CPU
		{F03942DE-B7BB-444F-961A-E9CED6BDECD6}.Release|Any CPU.Build.0 = Release|Any CPU
	EndGlobalSection
	GlobalSection(SolutionProperties) = preSolution
		HideSolutionNode = FALSE
	EndGlobalSection
	GlobalSection(ExtensibilityGlobals) = postSolution
		SolutionGuid = {6B79859A-A8A9-4AC3-B1AD-C31B6791DEA7}
	EndGlobalSection
EndGlobal
