
Microsoft Visual Studio Solution File, Format Version 12.00
# Visual Studio Version 16
VisualStudioVersion = 16.0.30523.141
MinimumVisualStudioVersion = 10.0.40219.1
Project("{FAE04EC0-301F-11D3-BF4B-00C04F79EFBC}") = "tema_lab4", "tema_lab4.csproj", "{8923A7C8-90E6-4BA2-9478-56F772393D29}"
EndProject
Global
	GlobalSection(SolutionConfigurationPlatforms) = preSolution
		Debug|Any CPU = Debug|Any CPU
		Release|Any CPU = Release|Any CPU
	EndGlobalSection
	GlobalSection(ProjectConfigurationPlatforms) = postSolution
		{8923A7C8-90E6-4BA2-9478-56F772393D29}.Debug|Any CPU.ActiveCfg = Debug|Any CPU
		{8923A7C8-90E6-4BA2-9478-56F772393D29}.Debug|Any CPU.Build.0 = Debug|Any CPU
		{8923A7C8-90E6-4BA2-9478-56F772393D29}.Release|Any CPU.ActiveCfg = Release|Any CPU
		{8923A7C8-90E6-4BA2-9478-56F772393D29}.Release|Any CPU.Build.0 = Release|Any CPU
	EndGlobalSection
	GlobalSection(SolutionProperties) = preSolution
		HideSolutionNode = FALSE
	EndGlobalSection
	GlobalSection(ExtensibilityGlobals) = postSolution
		SolutionGuid = {837FFFEF-A258-4095-99CF-512A2EEAC67C}
	EndGlobalSection
EndGlobal
