
Microsoft Visual Studio Solution File, Format Version 12.00
# Visual Studio Version 16
VisualStudioVersion = 16.0.30523.141
MinimumVisualStudioVersion = 10.0.40219.1
Project("{FAE04EC0-301F-11D3-BF4B-00C04F79EFBC}") = "Big Ball Game", "Big Ball Game.csproj", "{83EDAB5D-C59A-48C3-8F77-01707CCAFC06}"
EndProject
Global
	GlobalSection(SolutionConfigurationPlatforms) = preSolution
		Debug|Any CPU = Debug|Any CPU
		Release|Any CPU = Release|Any CPU
	EndGlobalSection
	GlobalSection(ProjectConfigurationPlatforms) = postSolution
		{83EDAB5D-C59A-48C3-8F77-01707CCAFC06}.Debug|Any CPU.ActiveCfg = Debug|Any CPU
		{83EDAB5D-C59A-48C3-8F77-01707CCAFC06}.Debug|Any CPU.Build.0 = Debug|Any CPU
		{83EDAB5D-C59A-48C3-8F77-01707CCAFC06}.Release|Any CPU.ActiveCfg = Release|Any CPU
		{83EDAB5D-C59A-48C3-8F77-01707CCAFC06}.Release|Any CPU.Build.0 = Release|Any CPU
	EndGlobalSection
	GlobalSection(SolutionProperties) = preSolution
		HideSolutionNode = FALSE
	EndGlobalSection
	GlobalSection(ExtensibilityGlobals) = postSolution
		SolutionGuid = {4FF8136E-A620-4C26-98ED-E09D665EDF7E}
	EndGlobalSection
EndGlobal
