
Microsoft Visual Studio Solution File, Format Version 12.00
# Visual Studio Version 16
VisualStudioVersion = 16.0.30523.141
MinimumVisualStudioVersion = 10.0.40219.1
Project("{FAE04EC0-301F-11D3-BF4B-00C04F79EFBC}") = "3182", "3182.csproj", "{C3C18FC1-B282-464E-9064-B84CEDBE9238}"
EndProject
Global
	GlobalSection(SolutionConfigurationPlatforms) = preSolution
		Debug|Any CPU = Debug|Any CPU
		Release|Any CPU = Release|Any CPU
	EndGlobalSection
	GlobalSection(ProjectConfigurationPlatforms) = postSolution
		{C3C18FC1-B282-464E-9064-B84CEDBE9238}.Debug|Any CPU.ActiveCfg = Debug|Any CPU
		{C3C18FC1-B282-464E-9064-B84CEDBE9238}.Debug|Any CPU.Build.0 = Debug|Any CPU
		{C3C18FC1-B282-464E-9064-B84CEDBE9238}.Release|Any CPU.ActiveCfg = Release|Any CPU
		{C3C18FC1-B282-464E-9064-B84CEDBE9238}.Release|Any CPU.Build.0 = Release|Any CPU
	EndGlobalSection
	GlobalSection(SolutionProperties) = preSolution
		HideSolutionNode = FALSE
	EndGlobalSection
	GlobalSection(ExtensibilityGlobals) = postSolution
		SolutionGuid = {4E8E0677-2AF5-436A-881F-27E7EB57607F}
	EndGlobalSection
EndGlobal
